
Microsoft Visual Studio Solution File, Format Version 12.00
# Visual Studio Version 16
VisualStudioVersion = 16.0.29209.62
MinimumVisualStudioVersion = 10.0.40219.1
Project("{9A19103F-16F7-4668-BE54-9A1E7A4F7556}") = "publish", "publish-subscribe\publish.csproj", "{44112A84-8BAC-4D92-A85A-B81DEAE07607}"
EndProject
Project("{9A19103F-16F7-4668-BE54-9A1E7A4F7556}") = "Receive", "Receive\Receive.csproj", "{CC6AA8EF-26B1-451E-8F18-3A4E3B000910}"
EndProject
Project("{FAE04EC0-301F-11D3-BF4B-00C04F79EFBC}") = "topicemit", "topicemit\topicemit.csproj", "{60AFE88B-DCA6-41EF-A7BB-60C64E157511}"
EndProject
Project("{FAE04EC0-301F-11D3-BF4B-00C04F79EFBC}") = "topicreceivelog", "topicreceivelog\topicreceivelog.csproj", "{67564889-8983-4710-855C-7E0FF857B433}"
EndProject
Global
	GlobalSection(SolutionConfigurationPlatforms) = preSolution
		Debug|Any CPU = Debug|Any CPU
		Release|Any CPU = Release|Any CPU
	EndGlobalSection
	GlobalSection(ProjectConfigurationPlatforms) = postSolution
		{44112A84-8BAC-4D92-A85A-B81DEAE07607}.Debug|Any CPU.ActiveCfg = Debug|Any CPU
		{44112A84-8BAC-4D92-A85A-B81DEAE07607}.Debug|Any CPU.Build.0 = Debug|Any CPU
		{44112A84-8BAC-4D92-A85A-B81DEAE07607}.Release|Any CPU.ActiveCfg = Release|Any CPU
		{44112A84-8BAC-4D92-A85A-B81DEAE07607}.Release|Any CPU.Build.0 = Release|Any CPU
		{CC6AA8EF-26B1-451E-8F18-3A4E3B000910}.Debug|Any CPU.ActiveCfg = Debug|Any CPU
		{CC6AA8EF-26B1-451E-8F18-3A4E3B000910}.Debug|Any CPU.Build.0 = Debug|Any CPU
		{CC6AA8EF-26B1-451E-8F18-3A4E3B000910}.Release|Any CPU.ActiveCfg = Release|Any CPU
		{CC6AA8EF-26B1-451E-8F18-3A4E3B000910}.Release|Any CPU.Build.0 = Release|Any CPU
		{60AFE88B-DCA6-41EF-A7BB-60C64E157511}.Debug|Any CPU.ActiveCfg = Debug|Any CPU
		{60AFE88B-DCA6-41EF-A7BB-60C64E157511}.Debug|Any CPU.Build.0 = Debug|Any CPU
		{60AFE88B-DCA6-41EF-A7BB-60C64E157511}.Release|Any CPU.ActiveCfg = Release|Any CPU
		{60AFE88B-DCA6-41EF-A7BB-60C64E157511}.Release|Any CPU.Build.0 = Release|Any CPU
		{67564889-8983-4710-855C-7E0FF857B433}.Debug|Any CPU.ActiveCfg = Debug|Any CPU
		{67564889-8983-4710-855C-7E0FF857B433}.Debug|Any CPU.Build.0 = Debug|Any CPU
		{67564889-8983-4710-855C-7E0FF857B433}.Release|Any CPU.ActiveCfg = Release|Any CPU
		{67564889-8983-4710-855C-7E0FF857B433}.Release|Any CPU.Build.0 = Release|Any CPU
	EndGlobalSection
	GlobalSection(SolutionProperties) = preSolution
		HideSolutionNode = FALSE
	EndGlobalSection
	GlobalSection(ExtensibilityGlobals) = postSolution
		SolutionGuid = {B84D3C44-84C4-45D4-8C36-1CEB35BE287F}
	EndGlobalSection
EndGlobal
